
Microsoft Visual Studio Solution File, Format Version 12.00
# Visual Studio 2012
Project("{FAE04EC0-301F-11D3-BF4B-00C04F79EFBC}") = "FormsPerformancePlayground", "FormsPerformancePlayground\FormsPerformancePlayground.csproj", "{74612239-FAAD-4FD9-87AB-4162F3C20A24}"
EndProject
Project("{FAE04EC0-301F-11D3-BF4B-00C04F79EFBC}") = "FormsPerformancePlayground.iOS", "iOS\FormsPerformancePlayground.iOS.csproj", "{B20FF8E3-FE28-4969-9C85-FA0562C9A591}"
EndProject
Project("{FAE04EC0-301F-11D3-BF4B-00C04F79EFBC}") = "FormsPerformancePlayground.Droid", "Droid\FormsPerformancePlayground.Droid.csproj", "{27414CC4-352B-4C7D-ACFC-16878638FF1E}"
EndProject
Project("{FAE04EC0-301F-11D3-BF4B-00C04F79EFBC}") = "Xamarin.Forms.Core", "..\Xamarin.Forms\Xamarin.Forms.Core\Xamarin.Forms.Core.csproj", "{57B8B73D-C3B5-4C42-869E-7B2F17D354AC}"
EndProject
Project("{FAE04EC0-301F-11D3-BF4B-00C04F79EFBC}") = "Xamarin.Forms.Platform", "..\Xamarin.Forms\Xamarin.Forms.Platform\Xamarin.Forms.Platform.csproj", "{67F9D3A8-F71E-4428-913F-C37AE82CDB24}"
EndProject
Project("{FAE04EC0-301F-11D3-BF4B-00C04F79EFBC}") = "Xamarin.Forms.Xaml", "..\Xamarin.Forms\Xamarin.Forms.Xaml\Xamarin.Forms.Xaml.csproj", "{9DB2F292-8034-4E06-89AD-98BBDA4306B9}"
EndProject
Global
	GlobalSection(SolutionConfigurationPlatforms) = preSolution
		Debug|Any CPU = Debug|Any CPU
		Release|Any CPU = Release|Any CPU
		Debug|iPhoneSimulator = Debug|iPhoneSimulator
		Release|iPhone = Release|iPhone
		Release|iPhoneSimulator = Release|iPhoneSimulator
		Debug|iPhone = Debug|iPhone
		Turkey|Any CPU = Turkey|Any CPU
	EndGlobalSection
	GlobalSection(ProjectConfigurationPlatforms) = postSolution
		{74612239-FAAD-4FD9-87AB-4162F3C20A24}.Debug|Any CPU.ActiveCfg = Debug|Any CPU
		{74612239-FAAD-4FD9-87AB-4162F3C20A24}.Debug|Any CPU.Build.0 = Debug|Any CPU
		{74612239-FAAD-4FD9-87AB-4162F3C20A24}.Release|Any CPU.ActiveCfg = Release|Any CPU
		{74612239-FAAD-4FD9-87AB-4162F3C20A24}.Release|Any CPU.Build.0 = Release|Any CPU
		{74612239-FAAD-4FD9-87AB-4162F3C20A24}.Debug|iPhoneSimulator.ActiveCfg = Debug|Any CPU
		{74612239-FAAD-4FD9-87AB-4162F3C20A24}.Debug|iPhoneSimulator.Build.0 = Debug|Any CPU
		{74612239-FAAD-4FD9-87AB-4162F3C20A24}.Release|iPhone.ActiveCfg = Release|Any CPU
		{74612239-FAAD-4FD9-87AB-4162F3C20A24}.Release|iPhone.Build.0 = Release|Any CPU
		{74612239-FAAD-4FD9-87AB-4162F3C20A24}.Release|iPhoneSimulator.ActiveCfg = Release|Any CPU
		{74612239-FAAD-4FD9-87AB-4162F3C20A24}.Release|iPhoneSimulator.Build.0 = Release|Any CPU
		{74612239-FAAD-4FD9-87AB-4162F3C20A24}.Debug|iPhone.ActiveCfg = Debug|Any CPU
		{74612239-FAAD-4FD9-87AB-4162F3C20A24}.Debug|iPhone.Build.0 = Debug|Any CPU
		{74612239-FAAD-4FD9-87AB-4162F3C20A24}.Turkey|Any CPU.ActiveCfg = Debug|Any CPU
		{74612239-FAAD-4FD9-87AB-4162F3C20A24}.Turkey|Any CPU.Build.0 = Debug|Any CPU
		{B20FF8E3-FE28-4969-9C85-FA0562C9A591}.Debug|Any CPU.ActiveCfg = Debug|iPhoneSimulator
		{B20FF8E3-FE28-4969-9C85-FA0562C9A591}.Debug|Any CPU.Build.0 = Debug|iPhoneSimulator
		{B20FF8E3-FE28-4969-9C85-FA0562C9A591}.Release|Any CPU.ActiveCfg = Release|iPhone
		{B20FF8E3-FE28-4969-9C85-FA0562C9A591}.Release|Any CPU.Build.0 = Release|iPhone
		{B20FF8E3-FE28-4969-9C85-FA0562C9A591}.Debug|iPhoneSimulator.ActiveCfg = Debug|iPhoneSimulator
		{B20FF8E3-FE28-4969-9C85-FA0562C9A591}.Debug|iPhoneSimulator.Build.0 = Debug|iPhoneSimulator
		{B20FF8E3-FE28-4969-9C85-FA0562C9A591}.Release|iPhone.ActiveCfg = Release|iPhone
		{B20FF8E3-FE28-4969-9C85-FA0562C9A591}.Release|iPhone.Build.0 = Release|iPhone
		{B20FF8E3-FE28-4969-9C85-FA0562C9A591}.Release|iPhoneSimulator.ActiveCfg = Release|iPhoneSimulator
		{B20FF8E3-FE28-4969-9C85-FA0562C9A591}.Release|iPhoneSimulator.Build.0 = Release|iPhoneSimulator
		{B20FF8E3-FE28-4969-9C85-FA0562C9A591}.Debug|iPhone.ActiveCfg = Debug|iPhone
		{B20FF8E3-FE28-4969-9C85-FA0562C9A591}.Debug|iPhone.Build.0 = Debug|iPhone
		{B20FF8E3-FE28-4969-9C85-FA0562C9A591}.Turkey|Any CPU.ActiveCfg = Debug|iPhoneSimulator
		{B20FF8E3-FE28-4969-9C85-FA0562C9A591}.Turkey|Any CPU.Build.0 = Debug|iPhoneSimulator
		{27414CC4-352B-4C7D-ACFC-16878638FF1E}.Debug|Any CPU.ActiveCfg = Debug|Any CPU
		{27414CC4-352B-4C7D-ACFC-16878638FF1E}.Debug|Any CPU.Build.0 = Debug|Any CPU
		{27414CC4-352B-4C7D-ACFC-16878638FF1E}.Release|Any CPU.ActiveCfg = Release|Any CPU
		{27414CC4-352B-4C7D-ACFC-16878638FF1E}.Release|Any CPU.Build.0 = Release|Any CPU
		{27414CC4-352B-4C7D-ACFC-16878638FF1E}.Debug|iPhoneSimulator.ActiveCfg = Debug|Any CPU
		{27414CC4-352B-4C7D-ACFC-16878638FF1E}.Debug|iPhoneSimulator.Build.0 = Debug|Any CPU
		{27414CC4-352B-4C7D-ACFC-16878638FF1E}.Release|iPhone.ActiveCfg = Release|Any CPU
		{27414CC4-352B-4C7D-ACFC-16878638FF1E}.Release|iPhone.Build.0 = Release|Any CPU
		{27414CC4-352B-4C7D-ACFC-16878638FF1E}.Release|iPhoneSimulator.ActiveCfg = Release|Any CPU
		{27414CC4-352B-4C7D-ACFC-16878638FF1E}.Release|iPhoneSimulator.Build.0 = Release|Any CPU
		{27414CC4-352B-4C7D-ACFC-16878638FF1E}.Debug|iPhone.ActiveCfg = Debug|Any CPU
		{27414CC4-352B-4C7D-ACFC-16878638FF1E}.Debug|iPhone.Build.0 = Debug|Any CPU
		{27414CC4-352B-4C7D-ACFC-16878638FF1E}.Turkey|Any CPU.ActiveCfg = Debug|Any CPU
		{27414CC4-352B-4C7D-ACFC-16878638FF1E}.Turkey|Any CPU.Build.0 = Debug|Any CPU
		{57B8B73D-C3B5-4C42-869E-7B2F17D354AC}.Debug|Any CPU.ActiveCfg = Debug|Any CPU
		{57B8B73D-C3B5-4C42-869E-7B2F17D354AC}.Debug|Any CPU.Build.0 = Debug|Any CPU
		{57B8B73D-C3B5-4C42-869E-7B2F17D354AC}.Release|Any CPU.ActiveCfg = Release|Any CPU
		{57B8B73D-C3B5-4C42-869E-7B2F17D354AC}.Release|Any CPU.Build.0 = Release|Any CPU
		{57B8B73D-C3B5-4C42-869E-7B2F17D354AC}.Debug|iPhoneSimulator.ActiveCfg = Debug|Any CPU
		{57B8B73D-C3B5-4C42-869E-7B2F17D354AC}.Debug|iPhoneSimulator.Build.0 = Debug|Any CPU
		{57B8B73D-C3B5-4C42-869E-7B2F17D354AC}.Release|iPhone.ActiveCfg = Release|Any CPU
		{57B8B73D-C3B5-4C42-869E-7B2F17D354AC}.Release|iPhone.Build.0 = Release|Any CPU
		{57B8B73D-C3B5-4C42-869E-7B2F17D354AC}.Release|iPhoneSimulator.ActiveCfg = Release|Any CPU
		{57B8B73D-C3B5-4C42-869E-7B2F17D354AC}.Release|iPhoneSimulator.Build.0 = Release|Any CPU
		{57B8B73D-C3B5-4C42-869E-7B2F17D354AC}.Debug|iPhone.ActiveCfg = Debug|Any CPU
		{57B8B73D-C3B5-4C42-869E-7B2F17D354AC}.Debug|iPhone.Build.0 = Debug|Any CPU
		{57B8B73D-C3B5-4C42-869E-7B2F17D354AC}.Turkey|Any CPU.ActiveCfg = Turkey|Any CPU
		{57B8B73D-C3B5-4C42-869E-7B2F17D354AC}.Turkey|Any CPU.Build.0 = Turkey|Any CPU
		{67F9D3A8-F71E-4428-913F-C37AE82CDB24}.Debug|Any CPU.ActiveCfg = Debug|Any CPU
		{67F9D3A8-F71E-4428-913F-C37AE82CDB24}.Debug|Any CPU.Build.0 = Debug|Any CPU
		{67F9D3A8-F71E-4428-913F-C37AE82CDB24}.Release|Any CPU.ActiveCfg = Release|Any CPU
		{67F9D3A8-F71E-4428-913F-C37AE82CDB24}.Release|Any CPU.Build.0 = Release|Any CPU
		{67F9D3A8-F71E-4428-913F-C37AE82CDB24}.Debug|iPhoneSimulator.ActiveCfg = Debug|Any CPU
		{67F9D3A8-F71E-4428-913F-C37AE82CDB24}.Debug|iPhoneSimulator.Build.0 = Debug|Any CPU
		{67F9D3A8-F71E-4428-913F-C37AE82CDB24}.Release|iPhone.ActiveCfg = Release|Any CPU
		{67F9D3A8-F71E-4428-913F-C37AE82CDB24}.Release|iPhone.Build.0 = Release|Any CPU
		{67F9D3A8-F71E-4428-913F-C37AE82CDB24}.Release|iPhoneSimulator.ActiveCfg = Release|Any CPU
		{67F9D3A8-F71E-4428-913F-C37AE82CDB24}.Release|iPhoneSimulator.Build.0 = Release|Any CPU
		{67F9D3A8-F71E-4428-913F-C37AE82CDB24}.Debug|iPhone.ActiveCfg = Debug|Any CPU
		{67F9D3A8-F71E-4428-913F-C37AE82CDB24}.Debug|iPhone.Build.0 = Debug|Any CPU
		{67F9D3A8-F71E-4428-913F-C37AE82CDB24}.Turkey|Any CPU.ActiveCfg = Debug|Any CPU
		{67F9D3A8-F71E-4428-913F-C37AE82CDB24}.Turkey|Any CPU.Build.0 = Debug|Any CPU
		{9DB2F292-8034-4E06-89AD-98BBDA4306B9}.Debug|Any CPU.ActiveCfg = Debug|Any CPU
		{9DB2F292-8034-4E06-89AD-98BBDA4306B9}.Debug|Any CPU.Build.0 = Debug|Any CPU
		{9DB2F292-8034-4E06-89AD-98BBDA4306B9}.Release|Any CPU.ActiveCfg = Release|Any CPU
		{9DB2F292-8034-4E06-89AD-98BBDA4306B9}.Release|Any CPU.Build.0 = Release|Any CPU
		{9DB2F292-8034-4E06-89AD-98BBDA4306B9}.Debug|iPhoneSimulator.ActiveCfg = Debug|Any CPU
		{9DB2F292-8034-4E06-89AD-98BBDA4306B9}.Debug|iPhoneSimulator.Build.0 = Debug|Any CPU
		{9DB2F292-8034-4E06-89AD-98BBDA4306B9}.Release|iPhone.ActiveCfg = Release|Any CPU
		{9DB2F292-8034-4E06-89AD-98BBDA4306B9}.Release|iPhone.Build.0 = Release|Any CPU
		{9DB2F292-8034-4E06-89AD-98BBDA4306B9}.Release|iPhoneSimulator.ActiveCfg = Release|Any CPU
		{9DB2F292-8034-4E06-89AD-98BBDA4306B9}.Release|iPhoneSimulator.Build.0 = Release|Any CPU
		{9DB2F292-8034-4E06-89AD-98BBDA4306B9}.Debug|iPhone.ActiveCfg = Debug|Any CPU
		{9DB2F292-8034-4E06-89AD-98BBDA4306B9}.Debug|iPhone.Build.0 = Debug|Any CPU
		{9DB2F292-8034-4E06-89AD-98BBDA4306B9}.Turkey|Any CPU.ActiveCfg = Turkey|Any CPU
		{9DB2F292-8034-4E06-89AD-98BBDA4306B9}.Turkey|Any CPU.Build.0 = Turkey|Any CPU
	EndGlobalSection
EndGlobal
